// !$*UTF8*$!
{
	archiveVersion = 1;
	classes = {
	};
	objectVersion = 47;
	objects = {

/* Begin PBXBuildFile section */
		52D6D9871BEFF229002C0205 /* Ark.framework in Frameworks */ = {isa = PBXBuildFile; fileRef = 52D6D97C1BEFF229002C0205 /* Ark.framework */; };
		8933C7851EB5B820000D00A4 /* ark-swift.swift in Sources */ = {isa = PBXBuildFile; fileRef = 8933C7841EB5B820000D00A4 /* ark-swift.swift */; };
		8933C7861EB5B820000D00A4 /* ark-swift.swift in Sources */ = {isa = PBXBuildFile; fileRef = 8933C7841EB5B820000D00A4 /* ark-swift.swift */; };
		8933C7871EB5B820000D00A4 /* ark-swift.swift in Sources */ = {isa = PBXBuildFile; fileRef = 8933C7841EB5B820000D00A4 /* ark-swift.swift */; };
		8933C7881EB5B820000D00A4 /* ark-swift.swift in Sources */ = {isa = PBXBuildFile; fileRef = 8933C7841EB5B820000D00A4 /* ark-swift.swift */; };
		8933C78E1EB5B82C000D00A4 /* ark-swiftTests.swift in Sources */ = {isa = PBXBuildFile; fileRef = 8933C7891EB5B82A000D00A4 /* ark-swiftTests.swift */; };
		8933C78F1EB5B82C000D00A4 /* ark-swiftTests.swift in Sources */ = {isa = PBXBuildFile; fileRef = 8933C7891EB5B82A000D00A4 /* ark-swiftTests.swift */; };
		8933C7901EB5B82D000D00A4 /* ark-swiftTests.swift in Sources */ = {isa = PBXBuildFile; fileRef = 8933C7891EB5B82A000D00A4 /* ark-swiftTests.swift */; };
		995463081FDBC04D0081BF99 /* then.framework in Frameworks */ = {isa = PBXBuildFile; fileRef = 995463071FDBC04D0081BF99 /* then.framework */; };
		9954630A1FDBC04F0081BF99 /* Alamofire.framework in Frameworks */ = {isa = PBXBuildFile; fileRef = 995463091FDBC04F0081BF99 /* Alamofire.framework */; };
		9954630C1FDBC0510081BF99 /* Arrow.framework in Frameworks */ = {isa = PBXBuildFile; fileRef = 9954630B1FDBC0510081BF99 /* Arrow.framework */; };
		9954630E1FDBC0530081BF99 /* ws.framework in Frameworks */ = {isa = PBXBuildFile; fileRef = 9954630D1FDBC0520081BF99 /* ws.framework */; };
		995463151FDBC0C70081BF99 /* Account+Api.swift in Sources */ = {isa = PBXBuildFile; fileRef = 995463141FDBC0C70081BF99 /* Account+Api.swift */; };
		995463161FDBC0C90081BF99 /* Account+Api.swift in Sources */ = {isa = PBXBuildFile; fileRef = 995463141FDBC0C70081BF99 /* Account+Api.swift */; };
		995463171FDBC0CA0081BF99 /* Account+Api.swift in Sources */ = {isa = PBXBuildFile; fileRef = 995463141FDBC0C70081BF99 /* Account+Api.swift */; };
		995463181FDBC0CA0081BF99 /* Account+Api.swift in Sources */ = {isa = PBXBuildFile; fileRef = 995463141FDBC0C70081BF99 /* Account+Api.swift */; };
		9954631B1FDBC0EF0081BF99 /* Account+JSON.swift in Sources */ = {isa = PBXBuildFile; fileRef = 9954631A1FDBC0EF0081BF99 /* Account+JSON.swift */; };
		9954631C1FDBC0F10081BF99 /* Account+JSON.swift in Sources */ = {isa = PBXBuildFile; fileRef = 9954631A1FDBC0EF0081BF99 /* Account+JSON.swift */; };
		9954631D1FDBC0F20081BF99 /* Account+JSON.swift in Sources */ = {isa = PBXBuildFile; fileRef = 9954631A1FDBC0EF0081BF99 /* Account+JSON.swift */; };
		9954631E1FDBC0F20081BF99 /* Account+JSON.swift in Sources */ = {isa = PBXBuildFile; fileRef = 9954631A1FDBC0EF0081BF99 /* Account+JSON.swift */; };
		995463211FDBC2880081BF99 /* then.framework in Frameworks */ = {isa = PBXBuildFile; fileRef = 995463071FDBC04D0081BF99 /* then.framework */; };
		995463281FDBC4DD0081BF99 /* Arrow.framework in Frameworks */ = {isa = PBXBuildFile; fileRef = 9954630B1FDBC0510081BF99 /* Arrow.framework */; };
		995463291FDBC5070081BF99 /* ws.framework in Frameworks */ = {isa = PBXBuildFile; fileRef = 9954630D1FDBC0520081BF99 /* ws.framework */; };
		9954632B1FDBCB6B0081BF99 /* Balance.swift in Sources */ = {isa = PBXBuildFile; fileRef = 9954632A1FDBCB6B0081BF99 /* Balance.swift */; };
		9954632C1FDBCBCE0081BF99 /* Balance.swift in Sources */ = {isa = PBXBuildFile; fileRef = 9954632A1FDBCB6B0081BF99 /* Balance.swift */; };
		9954632D1FDBCBCF0081BF99 /* Balance.swift in Sources */ = {isa = PBXBuildFile; fileRef = 9954632A1FDBCB6B0081BF99 /* Balance.swift */; };
		9954632E1FDBCBCF0081BF99 /* Balance.swift in Sources */ = {isa = PBXBuildFile; fileRef = 9954632A1FDBCB6B0081BF99 /* Balance.swift */; };
		995463311FDBCC0C0081BF99 /* Balance+JSON.swift in Sources */ = {isa = PBXBuildFile; fileRef = 995463301FDBCC0C0081BF99 /* Balance+JSON.swift */; };
		995463321FDBCC3F0081BF99 /* Balance+JSON.swift in Sources */ = {isa = PBXBuildFile; fileRef = 995463301FDBCC0C0081BF99 /* Balance+JSON.swift */; };
		995463331FDBCC3F0081BF99 /* Balance+JSON.swift in Sources */ = {isa = PBXBuildFile; fileRef = 995463301FDBCC0C0081BF99 /* Balance+JSON.swift */; };
		995463341FDBCC400081BF99 /* Balance+JSON.swift in Sources */ = {isa = PBXBuildFile; fileRef = 995463301FDBCC0C0081BF99 /* Balance+JSON.swift */; };
		995463371FDBE5EF0081BF99 /* Delegate.swift in Sources */ = {isa = PBXBuildFile; fileRef = 995463361FDBE5EF0081BF99 /* Delegate.swift */; };
		995463381FDBE5EF0081BF99 /* Delegate.swift in Sources */ = {isa = PBXBuildFile; fileRef = 995463361FDBE5EF0081BF99 /* Delegate.swift */; };
		995463391FDBE5EF0081BF99 /* Delegate.swift in Sources */ = {isa = PBXBuildFile; fileRef = 995463361FDBE5EF0081BF99 /* Delegate.swift */; };
		9954633A1FDBE5EF0081BF99 /* Delegate.swift in Sources */ = {isa = PBXBuildFile; fileRef = 995463361FDBE5EF0081BF99 /* Delegate.swift */; };
		9954633D1FDBE6440081BF99 /* Delegate+JSON.swift in Sources */ = {isa = PBXBuildFile; fileRef = 9954633C1FDBE6440081BF99 /* Delegate+JSON.swift */; };
		9954633E1FDBE6440081BF99 /* Delegate+JSON.swift in Sources */ = {isa = PBXBuildFile; fileRef = 9954633C1FDBE6440081BF99 /* Delegate+JSON.swift */; };
		9954633F1FDBE6440081BF99 /* Delegate+JSON.swift in Sources */ = {isa = PBXBuildFile; fileRef = 9954633C1FDBE6440081BF99 /* Delegate+JSON.swift */; };
		995463401FDBE6440081BF99 /* Delegate+JSON.swift in Sources */ = {isa = PBXBuildFile; fileRef = 9954633C1FDBE6440081BF99 /* Delegate+JSON.swift */; };
		99594D391FDBF53E00A8A7A1 /* Block.swift in Sources */ = {isa = PBXBuildFile; fileRef = 99594D381FDBF53E00A8A7A1 /* Block.swift */; };
		99594D3A1FDBF54300A8A7A1 /* Block.swift in Sources */ = {isa = PBXBuildFile; fileRef = 99594D381FDBF53E00A8A7A1 /* Block.swift */; };
		99594D3B1FDBF54400A8A7A1 /* Block.swift in Sources */ = {isa = PBXBuildFile; fileRef = 99594D381FDBF53E00A8A7A1 /* Block.swift */; };
		99594D3C1FDBF54400A8A7A1 /* Block.swift in Sources */ = {isa = PBXBuildFile; fileRef = 99594D381FDBF53E00A8A7A1 /* Block.swift */; };
		99594D3F1FDBF60C00A8A7A1 /* Block+Api.swift in Sources */ = {isa = PBXBuildFile; fileRef = 99594D3E1FDBF60C00A8A7A1 /* Block+Api.swift */; };
		99594D401FDBF60C00A8A7A1 /* Block+Api.swift in Sources */ = {isa = PBXBuildFile; fileRef = 99594D3E1FDBF60C00A8A7A1 /* Block+Api.swift */; };
		99594D411FDBF60C00A8A7A1 /* Block+Api.swift in Sources */ = {isa = PBXBuildFile; fileRef = 99594D3E1FDBF60C00A8A7A1 /* Block+Api.swift */; };
		99594D421FDBF60C00A8A7A1 /* Block+Api.swift in Sources */ = {isa = PBXBuildFile; fileRef = 99594D3E1FDBF60C00A8A7A1 /* Block+Api.swift */; };
		99594D451FDD2FAF00A8A7A1 /* MockApi.swift in Sources */ = {isa = PBXBuildFile; fileRef = 99594D441FDD2FAF00A8A7A1 /* MockApi.swift */; };
		99594D471FDDA5BE00A8A7A1 /* Block+JSON.swift in Sources */ = {isa = PBXBuildFile; fileRef = 99594D461FDDA5BE00A8A7A1 /* Block+JSON.swift */; };
		99594D481FDDA5BE00A8A7A1 /* Block+JSON.swift in Sources */ = {isa = PBXBuildFile; fileRef = 99594D461FDDA5BE00A8A7A1 /* Block+JSON.swift */; };
		99594D491FDDA5BE00A8A7A1 /* Block+JSON.swift in Sources */ = {isa = PBXBuildFile; fileRef = 99594D461FDDA5BE00A8A7A1 /* Block+JSON.swift */; };
		99594D4A1FDDA5BE00A8A7A1 /* Block+JSON.swift in Sources */ = {isa = PBXBuildFile; fileRef = 99594D461FDDA5BE00A8A7A1 /* Block+JSON.swift */; };
		99594D4C1FDDAC7000A8A7A1 /* Signature.swift in Sources */ = {isa = PBXBuildFile; fileRef = 99594D4B1FDDAC7000A8A7A1 /* Signature.swift */; };
		99594D4D1FDDAC7000A8A7A1 /* Signature.swift in Sources */ = {isa = PBXBuildFile; fileRef = 99594D4B1FDDAC7000A8A7A1 /* Signature.swift */; };
		99594D4E1FDDAC7000A8A7A1 /* Signature.swift in Sources */ = {isa = PBXBuildFile; fileRef = 99594D4B1FDDAC7000A8A7A1 /* Signature.swift */; };
		99594D4F1FDDAC7000A8A7A1 /* Signature.swift in Sources */ = {isa = PBXBuildFile; fileRef = 99594D4B1FDDAC7000A8A7A1 /* Signature.swift */; };
		99594D511FDDAC8500A8A7A1 /* Signature+Api.swift in Sources */ = {isa = PBXBuildFile; fileRef = 99594D501FDDAC8500A8A7A1 /* Signature+Api.swift */; };
		99594D521FDDAC8500A8A7A1 /* Signature+Api.swift in Sources */ = {isa = PBXBuildFile; fileRef = 99594D501FDDAC8500A8A7A1 /* Signature+Api.swift */; };
		99594D531FDDAC8500A8A7A1 /* Signature+Api.swift in Sources */ = {isa = PBXBuildFile; fileRef = 99594D501FDDAC8500A8A7A1 /* Signature+Api.swift */; };
		99594D541FDDAC8500A8A7A1 /* Signature+Api.swift in Sources */ = {isa = PBXBuildFile; fileRef = 99594D501FDDAC8500A8A7A1 /* Signature+Api.swift */; };
		996237131FDBBEB0007ED2D5 /* Api.swift in Sources */ = {isa = PBXBuildFile; fileRef = 996237121FDBBEB0007ED2D5 /* Api.swift */; };
		996237141FDBBEB7007ED2D5 /* Api.swift in Sources */ = {isa = PBXBuildFile; fileRef = 996237121FDBBEB0007ED2D5 /* Api.swift */; };
		996237151FDBBEB7007ED2D5 /* Api.swift in Sources */ = {isa = PBXBuildFile; fileRef = 996237121FDBBEB0007ED2D5 /* Api.swift */; };
		996237161FDBBEB8007ED2D5 /* Api.swift in Sources */ = {isa = PBXBuildFile; fileRef = 996237121FDBBEB0007ED2D5 /* Api.swift */; };
		996237181FDBBEE4007ED2D5 /* Account.swift in Sources */ = {isa = PBXBuildFile; fileRef = 996237171FDBBEE4007ED2D5 /* Account.swift */; };
		996237191FDBBEE8007ED2D5 /* Account.swift in Sources */ = {isa = PBXBuildFile; fileRef = 996237171FDBBEE4007ED2D5 /* Account.swift */; };
		9962371A1FDBBEE8007ED2D5 /* Account.swift in Sources */ = {isa = PBXBuildFile; fileRef = 996237171FDBBEE4007ED2D5 /* Account.swift */; };
		9962371B1FDBBEE9007ED2D5 /* Account.swift in Sources */ = {isa = PBXBuildFile; fileRef = 996237171FDBBEE4007ED2D5 /* Account.swift */; };
		9962371F1FDBBF30007ED2D5 /* NetworkApi.swift in Sources */ = {isa = PBXBuildFile; fileRef = 9962371E1FDBBF30007ED2D5 /* NetworkApi.swift */; };
		996237201FDBBF39007ED2D5 /* NetworkApi.swift in Sources */ = {isa = PBXBuildFile; fileRef = 9962371E1FDBBF30007ED2D5 /* NetworkApi.swift */; };
		996237211FDBBF39007ED2D5 /* NetworkApi.swift in Sources */ = {isa = PBXBuildFile; fileRef = 9962371E1FDBBF30007ED2D5 /* NetworkApi.swift */; };
		996237221FDBBF3A007ED2D5 /* NetworkApi.swift in Sources */ = {isa = PBXBuildFile; fileRef = 9962371E1FDBBF30007ED2D5 /* NetworkApi.swift */; };
		9973D08C1FDE7B7E001B713C /* Transaction.swift in Sources */ = {isa = PBXBuildFile; fileRef = 9973D08B1FDE7B7E001B713C /* Transaction.swift */; };
		9973D08D1FDE7B7E001B713C /* Transaction.swift in Sources */ = {isa = PBXBuildFile; fileRef = 9973D08B1FDE7B7E001B713C /* Transaction.swift */; };
		9973D08E1FDE7B7E001B713C /* Transaction.swift in Sources */ = {isa = PBXBuildFile; fileRef = 9973D08B1FDE7B7E001B713C /* Transaction.swift */; };
		9973D08F1FDE7B7E001B713C /* Transaction.swift in Sources */ = {isa = PBXBuildFile; fileRef = 9973D08B1FDE7B7E001B713C /* Transaction.swift */; };
		9973D0911FDE7C3F001B713C /* Transaction+JSON.swift in Sources */ = {isa = PBXBuildFile; fileRef = 9973D0901FDE7C3F001B713C /* Transaction+JSON.swift */; };
		9973D0921FDE7C3F001B713C /* Transaction+JSON.swift in Sources */ = {isa = PBXBuildFile; fileRef = 9973D0901FDE7C3F001B713C /* Transaction+JSON.swift */; };
		9973D0931FDE7C3F001B713C /* Transaction+JSON.swift in Sources */ = {isa = PBXBuildFile; fileRef = 9973D0901FDE7C3F001B713C /* Transaction+JSON.swift */; };
		9973D0941FDE7C3F001B713C /* Transaction+JSON.swift in Sources */ = {isa = PBXBuildFile; fileRef = 9973D0901FDE7C3F001B713C /* Transaction+JSON.swift */; };
		DD7502881C68FEDE006590AF /* Ark.framework in Frameworks */ = {isa = PBXBuildFile; fileRef = 52D6DA0F1BF000BD002C0205 /* Ark.framework */; };
		DD7502921C690C7A006590AF /* Ark.framework in Frameworks */ = {isa = PBXBuildFile; fileRef = 52D6D9F01BEFFFBE002C0205 /* Ark.framework */; };
/* End PBXBuildFile section */

/* Begin PBXContainerItemProxy section */
		52D6D9881BEFF229002C0205 /* PBXContainerItemProxy */ = {
			isa = PBXContainerItemProxy;
			containerPortal = 52D6D9731BEFF229002C0205 /* Project object */;
			proxyType = 1;
			remoteGlobalIDString = 52D6D97B1BEFF229002C0205;
			remoteInfo = "ark-swift";
		};
		DD7502801C68FCFC006590AF /* PBXContainerItemProxy */ = {
			isa = PBXContainerItemProxy;
			containerPortal = 52D6D9731BEFF229002C0205 /* Project object */;
			proxyType = 1;
			remoteGlobalIDString = 52D6DA0E1BF000BD002C0205;
			remoteInfo = "ark-swift-macOS";
		};
		DD7502931C690C7A006590AF /* PBXContainerItemProxy */ = {
			isa = PBXContainerItemProxy;
			containerPortal = 52D6D9731BEFF229002C0205 /* Project object */;
			proxyType = 1;
			remoteGlobalIDString = 52D6D9EF1BEFFFBE002C0205;
			remoteInfo = "ark-swift-tvOS";
		};
/* End PBXContainerItemProxy section */

/* Begin PBXFileReference section */
		52D6D97C1BEFF229002C0205 /* Ark.framework */ = {isa = PBXFileReference; explicitFileType = wrapper.framework; includeInIndex = 0; path = Ark.framework; sourceTree = BUILT_PRODUCTS_DIR; };
		52D6D9861BEFF229002C0205 /* ark-swift-iOS Tests.xctest */ = {isa = PBXFileReference; explicitFileType = wrapper.cfbundle; includeInIndex = 0; path = "ark-swift-iOS Tests.xctest"; sourceTree = BUILT_PRODUCTS_DIR; };
		52D6D9E21BEFFF6E002C0205 /* Ark.framework */ = {isa = PBXFileReference; explicitFileType = wrapper.framework; includeInIndex = 0; path = Ark.framework; sourceTree = BUILT_PRODUCTS_DIR; };
		52D6D9F01BEFFFBE002C0205 /* Ark.framework */ = {isa = PBXFileReference; explicitFileType = wrapper.framework; includeInIndex = 0; path = Ark.framework; sourceTree = BUILT_PRODUCTS_DIR; };
		52D6DA0F1BF000BD002C0205 /* Ark.framework */ = {isa = PBXFileReference; explicitFileType = wrapper.framework; includeInIndex = 0; path = Ark.framework; sourceTree = BUILT_PRODUCTS_DIR; };
		8933C7841EB5B820000D00A4 /* ark-swift.swift */ = {isa = PBXFileReference; fileEncoding = 4; lastKnownFileType = sourcecode.swift; path = "ark-swift.swift"; sourceTree = "<group>"; };
		8933C7891EB5B82A000D00A4 /* ark-swiftTests.swift */ = {isa = PBXFileReference; fileEncoding = 4; lastKnownFileType = sourcecode.swift; path = "ark-swiftTests.swift"; sourceTree = "<group>"; };
		995463071FDBC04D0081BF99 /* then.framework */ = {isa = PBXFileReference; lastKnownFileType = wrapper.framework; name = then.framework; path = Carthage/Build/iOS/then.framework; sourceTree = "<group>"; };
		995463091FDBC04F0081BF99 /* Alamofire.framework */ = {isa = PBXFileReference; lastKnownFileType = wrapper.framework; name = Alamofire.framework; path = Carthage/Build/iOS/Alamofire.framework; sourceTree = "<group>"; };
		9954630B1FDBC0510081BF99 /* Arrow.framework */ = {isa = PBXFileReference; lastKnownFileType = wrapper.framework; name = Arrow.framework; path = Carthage/Build/iOS/Arrow.framework; sourceTree = "<group>"; };
		9954630D1FDBC0520081BF99 /* ws.framework */ = {isa = PBXFileReference; lastKnownFileType = wrapper.framework; name = ws.framework; path = Carthage/Build/iOS/ws.framework; sourceTree = "<group>"; };
		995463141FDBC0C70081BF99 /* Account+Api.swift */ = {isa = PBXFileReference; lastKnownFileType = sourcecode.swift; path = "Account+Api.swift"; sourceTree = "<group>"; };
		9954631A1FDBC0EF0081BF99 /* Account+JSON.swift */ = {isa = PBXFileReference; lastKnownFileType = sourcecode.swift; path = "Account+JSON.swift"; sourceTree = "<group>"; };
		9954632A1FDBCB6B0081BF99 /* Balance.swift */ = {isa = PBXFileReference; lastKnownFileType = sourcecode.swift; path = Balance.swift; sourceTree = "<group>"; };
		995463301FDBCC0C0081BF99 /* Balance+JSON.swift */ = {isa = PBXFileReference; lastKnownFileType = sourcecode.swift; path = "Balance+JSON.swift"; sourceTree = "<group>"; };
		995463361FDBE5EF0081BF99 /* Delegate.swift */ = {isa = PBXFileReference; lastKnownFileType = sourcecode.swift; path = Delegate.swift; sourceTree = "<group>"; };
		9954633C1FDBE6440081BF99 /* Delegate+JSON.swift */ = {isa = PBXFileReference; lastKnownFileType = sourcecode.swift; path = "Delegate+JSON.swift"; sourceTree = "<group>"; };
		99594D381FDBF53E00A8A7A1 /* Block.swift */ = {isa = PBXFileReference; lastKnownFileType = sourcecode.swift; path = Block.swift; sourceTree = "<group>"; };
		99594D3E1FDBF60C00A8A7A1 /* Block+Api.swift */ = {isa = PBXFileReference; lastKnownFileType = sourcecode.swift; path = "Block+Api.swift"; sourceTree = "<group>"; };
		99594D441FDD2FAF00A8A7A1 /* MockApi.swift */ = {isa = PBXFileReference; lastKnownFileType = sourcecode.swift; path = MockApi.swift; sourceTree = "<group>"; };
		99594D461FDDA5BE00A8A7A1 /* Block+JSON.swift */ = {isa = PBXFileReference; lastKnownFileType = sourcecode.swift; path = "Block+JSON.swift"; sourceTree = "<group>"; };
		99594D4B1FDDAC7000A8A7A1 /* Signature.swift */ = {isa = PBXFileReference; lastKnownFileType = sourcecode.swift; path = Signature.swift; sourceTree = "<group>"; };
		99594D501FDDAC8500A8A7A1 /* Signature+Api.swift */ = {isa = PBXFileReference; lastKnownFileType = sourcecode.swift; path = "Signature+Api.swift"; sourceTree = "<group>"; };
		996237121FDBBEB0007ED2D5 /* Api.swift */ = {isa = PBXFileReference; lastKnownFileType = sourcecode.swift; path = Api.swift; sourceTree = "<group>"; };
		996237171FDBBEE4007ED2D5 /* Account.swift */ = {isa = PBXFileReference; lastKnownFileType = sourcecode.swift; path = Account.swift; sourceTree = "<group>"; };
		9962371E1FDBBF30007ED2D5 /* NetworkApi.swift */ = {isa = PBXFileReference; lastKnownFileType = sourcecode.swift; path = NetworkApi.swift; sourceTree = "<group>"; };
		9973D08B1FDE7B7E001B713C /* Transaction.swift */ = {isa = PBXFileReference; lastKnownFileType = sourcecode.swift; path = Transaction.swift; sourceTree = "<group>"; };
		9973D0901FDE7C3F001B713C /* Transaction+JSON.swift */ = {isa = PBXFileReference; lastKnownFileType = sourcecode.swift; path = "Transaction+JSON.swift"; sourceTree = "<group>"; };
		AD2FAA261CD0B6D800659CF4 /* ark-swift.plist */ = {isa = PBXFileReference; fileEncoding = 4; lastKnownFileType = text.plist.xml; path = "ark-swift.plist"; sourceTree = "<group>"; };
		AD2FAA281CD0B6E100659CF4 /* ark-swiftTests.plist */ = {isa = PBXFileReference; fileEncoding = 4; lastKnownFileType = text.plist.xml; path = "ark-swiftTests.plist"; sourceTree = "<group>"; };
		DD75027A1C68FCFC006590AF /* ark-swift-macOS Tests.xctest */ = {isa = PBXFileReference; explicitFileType = wrapper.cfbundle; includeInIndex = 0; path = "ark-swift-macOS Tests.xctest"; sourceTree = BUILT_PRODUCTS_DIR; };
		DD75028D1C690C7A006590AF /* ark-swift-tvOS Tests.xctest */ = {isa = PBXFileReference; explicitFileType = wrapper.cfbundle; includeInIndex = 0; path = "ark-swift-tvOS Tests.xctest"; sourceTree = BUILT_PRODUCTS_DIR; };
/* End PBXFileReference section */

/* Begin PBXFrameworksBuildPhase section */
		52D6D9781BEFF229002C0205 /* Frameworks */ = {
			isa = PBXFrameworksBuildPhase;
			buildActionMask = 2147483647;
			files = (
				995463081FDBC04D0081BF99 /* then.framework in Frameworks */,
				9954630A1FDBC04F0081BF99 /* Alamofire.framework in Frameworks */,
				9954630C1FDBC0510081BF99 /* Arrow.framework in Frameworks */,
				9954630E1FDBC0530081BF99 /* ws.framework in Frameworks */,
			);
			runOnlyForDeploymentPostprocessing = 0;
		};
		52D6D9831BEFF229002C0205 /* Frameworks */ = {
			isa = PBXFrameworksBuildPhase;
			buildActionMask = 2147483647;
			files = (
				52D6D9871BEFF229002C0205 /* Ark.framework in Frameworks */,
				995463211FDBC2880081BF99 /* then.framework in Frameworks */,
				995463281FDBC4DD0081BF99 /* Arrow.framework in Frameworks */,
				995463291FDBC5070081BF99 /* ws.framework in Frameworks */,
			);
			runOnlyForDeploymentPostprocessing = 0;
		};
		52D6D9DE1BEFFF6E002C0205 /* Frameworks */ = {
			isa = PBXFrameworksBuildPhase;
			buildActionMask = 2147483647;
			files = (
			);
			runOnlyForDeploymentPostprocessing = 0;
		};
		52D6D9EC1BEFFFBE002C0205 /* Frameworks */ = {
			isa = PBXFrameworksBuildPhase;
			buildActionMask = 2147483647;
			files = (
			);
			runOnlyForDeploymentPostprocessing = 0;
		};
		52D6DA0B1BF000BD002C0205 /* Frameworks */ = {
			isa = PBXFrameworksBuildPhase;
			buildActionMask = 2147483647;
			files = (
			);
			runOnlyForDeploymentPostprocessing = 0;
		};
		DD7502771C68FCFC006590AF /* Frameworks */ = {
			isa = PBXFrameworksBuildPhase;
			buildActionMask = 2147483647;
			files = (
				DD7502881C68FEDE006590AF /* Ark.framework in Frameworks */,
			);
			runOnlyForDeploymentPostprocessing = 0;
		};
		DD75028A1C690C7A006590AF /* Frameworks */ = {
			isa = PBXFrameworksBuildPhase;
			buildActionMask = 2147483647;
			files = (
				DD7502921C690C7A006590AF /* Ark.framework in Frameworks */,
			);
			runOnlyForDeploymentPostprocessing = 0;
		};
/* End PBXFrameworksBuildPhase section */

/* Begin PBXGroup section */
		52D6D9721BEFF229002C0205 = {
			isa = PBXGroup;
			children = (
				8933C7811EB5B7E0000D00A4 /* Sources */,
				8933C7831EB5B7EB000D00A4 /* Tests */,
				52D6D99C1BEFF38C002C0205 /* Configs */,
				52D6D97D1BEFF229002C0205 /* Products */,
				995463061FDBC04D0081BF99 /* Frameworks */,
			);
			sourceTree = "<group>";
		};
		52D6D97D1BEFF229002C0205 /* Products */ = {
			isa = PBXGroup;
			children = (
				52D6D97C1BEFF229002C0205 /* Ark.framework */,
				52D6D9861BEFF229002C0205 /* ark-swift-iOS Tests.xctest */,
				52D6D9E21BEFFF6E002C0205 /* Ark.framework */,
				52D6D9F01BEFFFBE002C0205 /* Ark.framework */,
				52D6DA0F1BF000BD002C0205 /* Ark.framework */,
				DD75027A1C68FCFC006590AF /* ark-swift-macOS Tests.xctest */,
				DD75028D1C690C7A006590AF /* ark-swift-tvOS Tests.xctest */,
			);
			name = Products;
			sourceTree = "<group>";
		};
		52D6D99C1BEFF38C002C0205 /* Configs */ = {
			isa = PBXGroup;
			children = (
				DD7502721C68FC1B006590AF /* Frameworks */,
				DD7502731C68FC20006590AF /* Tests */,
			);
			path = Configs;
			sourceTree = "<group>";
		};
		8933C7811EB5B7E0000D00A4 /* Sources */ = {
			isa = PBXGroup;
			children = (
				8933C7841EB5B820000D00A4 /* ark-swift.swift */,
				996237171FDBBEE4007ED2D5 /* Account.swift */,
				9954632A1FDBCB6B0081BF99 /* Balance.swift */,
				995463361FDBE5EF0081BF99 /* Delegate.swift */,
				99594D381FDBF53E00A8A7A1 /* Block.swift */,
				9973D08B1FDE7B7E001B713C /* Transaction.swift */,
				99594D4B1FDDAC7000A8A7A1 /* Signature.swift */,
				995463131FDBC0B30081BF99 /* Models+Api */,
				9962371D1FDBBF0C007ED2D5 /* Api Implementation */,
				996237111FDBBEA7007ED2D5 /* Api */,
			);
			path = Sources;
			sourceTree = "<group>";
		};
		8933C7831EB5B7EB000D00A4 /* Tests */ = {
			isa = PBXGroup;
			children = (
				8933C7891EB5B82A000D00A4 /* ark-swiftTests.swift */,
				99594D441FDD2FAF00A8A7A1 /* MockApi.swift */,
			);
			name = Tests;
			path = "Tests/ark-swiftTests";
			sourceTree = "<group>";
		};
		995463061FDBC04D0081BF99 /* Frameworks */ = {
			isa = PBXGroup;
			children = (
				9954630D1FDBC0520081BF99 /* ws.framework */,
				9954630B1FDBC0510081BF99 /* Arrow.framework */,
				995463091FDBC04F0081BF99 /* Alamofire.framework */,
				995463071FDBC04D0081BF99 /* then.framework */,
			);
			name = Frameworks;
			sourceTree = "<group>";
		};
		995463131FDBC0B30081BF99 /* Models+Api */ = {
			isa = PBXGroup;
			children = (
				995463141FDBC0C70081BF99 /* Account+Api.swift */,
				99594D3E1FDBF60C00A8A7A1 /* Block+Api.swift */,
				99594D501FDDAC8500A8A7A1 /* Signature+Api.swift */,
			);
			path = "Models+Api";
			sourceTree = "<group>";
		};
		995463191FDBC0DE0081BF99 /* JSON Mapping */ = {
			isa = PBXGroup;
			children = (
				9954631A1FDBC0EF0081BF99 /* Account+JSON.swift */,
				995463301FDBCC0C0081BF99 /* Balance+JSON.swift */,
				9954633C1FDBE6440081BF99 /* Delegate+JSON.swift */,
				99594D461FDDA5BE00A8A7A1 /* Block+JSON.swift */,
				9973D0901FDE7C3F001B713C /* Transaction+JSON.swift */,
			);
			path = "JSON Mapping";
			sourceTree = "<group>";
		};
		996237111FDBBEA7007ED2D5 /* Api */ = {
			isa = PBXGroup;
			children = (
				996237121FDBBEB0007ED2D5 /* Api.swift */,
			);
			path = Api;
			sourceTree = "<group>";
		};
		9962371D1FDBBF0C007ED2D5 /* Api Implementation */ = {
			isa = PBXGroup;
			children = (
				9962371E1FDBBF30007ED2D5 /* NetworkApi.swift */,
				995463191FDBC0DE0081BF99 /* JSON Mapping */,
			);
			path = "Api Implementation";
			sourceTree = "<group>";
		};
		DD7502721C68FC1B006590AF /* Frameworks */ = {
			isa = PBXGroup;
			children = (
				AD2FAA261CD0B6D800659CF4 /* ark-swift.plist */,
			);
			name = Frameworks;
			sourceTree = "<group>";
		};
		DD7502731C68FC20006590AF /* Tests */ = {
			isa = PBXGroup;
			children = (
				AD2FAA281CD0B6E100659CF4 /* ark-swiftTests.plist */,
			);
			name = Tests;
			sourceTree = "<group>";
		};
/* End PBXGroup section */

/* Begin PBXHeadersBuildPhase section */
		52D6D9791BEFF229002C0205 /* Headers */ = {
			isa = PBXHeadersBuildPhase;
			buildActionMask = 2147483647;
			files = (
			);
			runOnlyForDeploymentPostprocessing = 0;
		};
		52D6D9DF1BEFFF6E002C0205 /* Headers */ = {
			isa = PBXHeadersBuildPhase;
			buildActionMask = 2147483647;
			files = (
			);
			runOnlyForDeploymentPostprocessing = 0;
		};
		52D6D9ED1BEFFFBE002C0205 /* Headers */ = {
			isa = PBXHeadersBuildPhase;
			buildActionMask = 2147483647;
			files = (
			);
			runOnlyForDeploymentPostprocessing = 0;
		};
		52D6DA0C1BF000BD002C0205 /* Headers */ = {
			isa = PBXHeadersBuildPhase;
			buildActionMask = 2147483647;
			files = (
			);
			runOnlyForDeploymentPostprocessing = 0;
		};
/* End PBXHeadersBuildPhase section */

/* Begin PBXNativeTarget section */
		52D6D97B1BEFF229002C0205 /* ark-swift-iOS */ = {
			isa = PBXNativeTarget;
			buildConfigurationList = 52D6D9901BEFF229002C0205 /* Build configuration list for PBXNativeTarget "ark-swift-iOS" */;
			buildPhases = (
				52D6D9771BEFF229002C0205 /* Sources */,
				52D6D9781BEFF229002C0205 /* Frameworks */,
				52D6D9791BEFF229002C0205 /* Headers */,
				52D6D97A1BEFF229002C0205 /* Resources */,
				996237231FDBBFC7007ED2D5 /* ShellScript */,
			);
			buildRules = (
			);
			dependencies = (
			);
			name = "ark-swift-iOS";
			productName = "ark-swift";
			productReference = 52D6D97C1BEFF229002C0205 /* Ark.framework */;
			productType = "com.apple.product-type.framework";
		};
		52D6D9851BEFF229002C0205 /* ark-swift-iOS Tests */ = {
			isa = PBXNativeTarget;
			buildConfigurationList = 52D6D9931BEFF229002C0205 /* Build configuration list for PBXNativeTarget "ark-swift-iOS Tests" */;
			buildPhases = (
				52D6D9821BEFF229002C0205 /* Sources */,
				52D6D9831BEFF229002C0205 /* Frameworks */,
				52D6D9841BEFF229002C0205 /* Resources */,
				995463271FDBC4AE0081BF99 /* ShellScript */,
			);
			buildRules = (
			);
			dependencies = (
				52D6D9891BEFF229002C0205 /* PBXTargetDependency */,
			);
			name = "ark-swift-iOS Tests";
			productName = "ark-swiftTests";
			productReference = 52D6D9861BEFF229002C0205 /* ark-swift-iOS Tests.xctest */;
			productType = "com.apple.product-type.bundle.unit-test";
		};
		52D6D9E11BEFFF6E002C0205 /* ark-swift-watchOS */ = {
			isa = PBXNativeTarget;
			buildConfigurationList = 52D6D9E71BEFFF6E002C0205 /* Build configuration list for PBXNativeTarget "ark-swift-watchOS" */;
			buildPhases = (
				52D6D9DD1BEFFF6E002C0205 /* Sources */,
				52D6D9DE1BEFFF6E002C0205 /* Frameworks */,
				52D6D9DF1BEFFF6E002C0205 /* Headers */,
				52D6D9E01BEFFF6E002C0205 /* Resources */,
			);
			buildRules = (
			);
			dependencies = (
			);
			name = "ark-swift-watchOS";
			productName = "ark-swift-watchOS";
			productReference = 52D6D9E21BEFFF6E002C0205 /* Ark.framework */;
			productType = "com.apple.product-type.framework";
		};
		52D6D9EF1BEFFFBE002C0205 /* ark-swift-tvOS */ = {
			isa = PBXNativeTarget;
			buildConfigurationList = 52D6DA011BEFFFBE002C0205 /* Build configuration list for PBXNativeTarget "ark-swift-tvOS" */;
			buildPhases = (
				52D6D9EB1BEFFFBE002C0205 /* Sources */,
				52D6D9EC1BEFFFBE002C0205 /* Frameworks */,
				52D6D9ED1BEFFFBE002C0205 /* Headers */,
				52D6D9EE1BEFFFBE002C0205 /* Resources */,
			);
			buildRules = (
			);
			dependencies = (
			);
			name = "ark-swift-tvOS";
			productName = "ark-swift-tvOS";
			productReference = 52D6D9F01BEFFFBE002C0205 /* Ark.framework */;
			productType = "com.apple.product-type.framework";
		};
		52D6DA0E1BF000BD002C0205 /* ark-swift-macOS */ = {
			isa = PBXNativeTarget;
			buildConfigurationList = 52D6DA201BF000BD002C0205 /* Build configuration list for PBXNativeTarget "ark-swift-macOS" */;
			buildPhases = (
				52D6DA0A1BF000BD002C0205 /* Sources */,
				52D6DA0B1BF000BD002C0205 /* Frameworks */,
				52D6DA0C1BF000BD002C0205 /* Headers */,
				52D6DA0D1BF000BD002C0205 /* Resources */,
			);
			buildRules = (
			);
			dependencies = (
			);
			name = "ark-swift-macOS";
			productName = "ark-swift-macOS";
			productReference = 52D6DA0F1BF000BD002C0205 /* Ark.framework */;
			productType = "com.apple.product-type.framework";
		};
		DD7502791C68FCFC006590AF /* ark-swift-macOS Tests */ = {
			isa = PBXNativeTarget;
			buildConfigurationList = DD7502821C68FCFC006590AF /* Build configuration list for PBXNativeTarget "ark-swift-macOS Tests" */;
			buildPhases = (
				DD7502761C68FCFC006590AF /* Sources */,
				DD7502771C68FCFC006590AF /* Frameworks */,
				DD7502781C68FCFC006590AF /* Resources */,
			);
			buildRules = (
			);
			dependencies = (
				DD7502811C68FCFC006590AF /* PBXTargetDependency */,
			);
			name = "ark-swift-macOS Tests";
			productName = "ark-swift-OS Tests";
			productReference = DD75027A1C68FCFC006590AF /* ark-swift-macOS Tests.xctest */;
			productType = "com.apple.product-type.bundle.unit-test";
		};
		DD75028C1C690C7A006590AF /* ark-swift-tvOS Tests */ = {
			isa = PBXNativeTarget;
			buildConfigurationList = DD7502951C690C7A006590AF /* Build configuration list for PBXNativeTarget "ark-swift-tvOS Tests" */;
			buildPhases = (
				DD7502891C690C7A006590AF /* Sources */,
				DD75028A1C690C7A006590AF /* Frameworks */,
				DD75028B1C690C7A006590AF /* Resources */,
			);
			buildRules = (
			);
			dependencies = (
				DD7502941C690C7A006590AF /* PBXTargetDependency */,
			);
			name = "ark-swift-tvOS Tests";
			productName = "ark-swift-tvOS Tests";
			productReference = DD75028D1C690C7A006590AF /* ark-swift-tvOS Tests.xctest */;
			productType = "com.apple.product-type.bundle.unit-test";
		};
/* End PBXNativeTarget section */

/* Begin PBXProject section */
		52D6D9731BEFF229002C0205 /* Project object */ = {
			isa = PBXProject;
			attributes = {
				LastSwiftUpdateCheck = 0720;
				LastUpgradeCheck = 0900;
				ORGANIZATIONNAME = "ark-swift";
				TargetAttributes = {
					52D6D97B1BEFF229002C0205 = {
						CreatedOnToolsVersion = 7.1;
						LastSwiftMigration = 0800;
					};
					52D6D9851BEFF229002C0205 = {
						CreatedOnToolsVersion = 7.1;
						LastSwiftMigration = 0800;
					};
					52D6D9E11BEFFF6E002C0205 = {
						CreatedOnToolsVersion = 7.1;
						LastSwiftMigration = 0800;
					};
					52D6D9EF1BEFFFBE002C0205 = {
						CreatedOnToolsVersion = 7.1;
						LastSwiftMigration = 0800;
					};
					52D6DA0E1BF000BD002C0205 = {
						CreatedOnToolsVersion = 7.1;
						LastSwiftMigration = 0800;
					};
					DD7502791C68FCFC006590AF = {
						CreatedOnToolsVersion = 7.2.1;
						LastSwiftMigration = 0800;
					};
					DD75028C1C690C7A006590AF = {
						CreatedOnToolsVersion = 7.2.1;
						LastSwiftMigration = 0800;
					};
				};
			};
			buildConfigurationList = 52D6D9761BEFF229002C0205 /* Build configuration list for PBXProject "ark-swift" */;
			compatibilityVersion = "Xcode 6.3";
			developmentRegion = English;
			hasScannedForEncodings = 0;
			knownRegions = (
				en,
			);
			mainGroup = 52D6D9721BEFF229002C0205;
			productRefGroup = 52D6D97D1BEFF229002C0205 /* Products */;
			projectDirPath = "";
			projectRoot = "";
			targets = (
				52D6D97B1BEFF229002C0205 /* ark-swift-iOS */,
				52D6DA0E1BF000BD002C0205 /* ark-swift-macOS */,
				52D6D9E11BEFFF6E002C0205 /* ark-swift-watchOS */,
				52D6D9EF1BEFFFBE002C0205 /* ark-swift-tvOS */,
				52D6D9851BEFF229002C0205 /* ark-swift-iOS Tests */,
				DD7502791C68FCFC006590AF /* ark-swift-macOS Tests */,
				DD75028C1C690C7A006590AF /* ark-swift-tvOS Tests */,
			);
		};
/* End PBXProject section */

/* Begin PBXResourcesBuildPhase section */
		52D6D97A1BEFF229002C0205 /* Resources */ = {
			isa = PBXResourcesBuildPhase;
			buildActionMask = 2147483647;
			files = (
			);
			runOnlyForDeploymentPostprocessing = 0;
		};
		52D6D9841BEFF229002C0205 /* Resources */ = {
			isa = PBXResourcesBuildPhase;
			buildActionMask = 2147483647;
			files = (
			);
			runOnlyForDeploymentPostprocessing = 0;
		};
		52D6D9E01BEFFF6E002C0205 /* Resources */ = {
			isa = PBXResourcesBuildPhase;
			buildActionMask = 2147483647;
			files = (
			);
			runOnlyForDeploymentPostprocessing = 0;
		};
		52D6D9EE1BEFFFBE002C0205 /* Resources */ = {
			isa = PBXResourcesBuildPhase;
			buildActionMask = 2147483647;
			files = (
			);
			runOnlyForDeploymentPostprocessing = 0;
		};
		52D6DA0D1BF000BD002C0205 /* Resources */ = {
			isa = PBXResourcesBuildPhase;
			buildActionMask = 2147483647;
			files = (
			);
			runOnlyForDeploymentPostprocessing = 0;
		};
		DD7502781C68FCFC006590AF /* Resources */ = {
			isa = PBXResourcesBuildPhase;
			buildActionMask = 2147483647;
			files = (
			);
			runOnlyForDeploymentPostprocessing = 0;
		};
		DD75028B1C690C7A006590AF /* Resources */ = {
			isa = PBXResourcesBuildPhase;
			buildActionMask = 2147483647;
			files = (
			);
			runOnlyForDeploymentPostprocessing = 0;
		};
/* End PBXResourcesBuildPhase section */

/* Begin PBXShellScriptBuildPhase section */
		995463271FDBC4AE0081BF99 /* ShellScript */ = {
			isa = PBXShellScriptBuildPhase;
			buildActionMask = 2147483647;
			files = (
			);
			inputPaths = (
				"$(SRCROOT)/Carthage/Build/iOS/then.framework",
				"$(SRCROOT)/Carthage/Build/iOS/Arrow.framework",
				"$(SRCROOT)/Carthage/Build/iOS/ws.framework",
			);
			outputPaths = (
			);
			runOnlyForDeploymentPostprocessing = 0;
			shellPath = /bin/sh;
			shellScript = "/usr/local/bin/carthage copy-frameworks";
		};
		996237231FDBBFC7007ED2D5 /* ShellScript */ = {
			isa = PBXShellScriptBuildPhase;
			buildActionMask = 2147483647;
			files = (
			);
			inputPaths = (
				"$(SRCROOT)/Carthage/Build/iOS/ws.framework",
				"$(SRCROOT)/Carthage/Build/iOS/Alamofire.framework",
				"$(SRCROOT)/Carthage/Build/iOS/Arrow.framework",
				"$(SRCROOT)/Carthage/Build/iOS/then.framework",
			);
			outputPaths = (
			);
			runOnlyForDeploymentPostprocessing = 0;
			shellPath = /bin/sh;
			shellScript = "/usr/local/bin/carthage copy-frameworks";
		};
/* End PBXShellScriptBuildPhase section */

/* Begin PBXSourcesBuildPhase section */
		52D6D9771BEFF229002C0205 /* Sources */ = {
			isa = PBXSourcesBuildPhase;
			buildActionMask = 2147483647;
			files = (
				99594D471FDDA5BE00A8A7A1 /* Block+JSON.swift in Sources */,
				995463311FDBCC0C0081BF99 /* Balance+JSON.swift in Sources */,
				9973D08C1FDE7B7E001B713C /* Transaction.swift in Sources */,
				99594D4C1FDDAC7000A8A7A1 /* Signature.swift in Sources */,
				99594D391FDBF53E00A8A7A1 /* Block.swift in Sources */,
				99594D3F1FDBF60C00A8A7A1 /* Block+Api.swift in Sources */,
				996237131FDBBEB0007ED2D5 /* Api.swift in Sources */,
				99594D511FDDAC8500A8A7A1 /* Signature+Api.swift in Sources */,
				8933C7851EB5B820000D00A4 /* ark-swift.swift in Sources */,
				995463371FDBE5EF0081BF99 /* Delegate.swift in Sources */,
				996237181FDBBEE4007ED2D5 /* Account.swift in Sources */,
				9962371F1FDBBF30007ED2D5 /* NetworkApi.swift in Sources */,
				9973D0911FDE7C3F001B713C /* Transaction+JSON.swift in Sources */,
				995463151FDBC0C70081BF99 /* Account+Api.swift in Sources */,
				9954632B1FDBCB6B0081BF99 /* Balance.swift in Sources */,
				9954633D1FDBE6440081BF99 /* Delegate+JSON.swift in Sources */,
				9954631B1FDBC0EF0081BF99 /* Account+JSON.swift in Sources */,
			);
			runOnlyForDeploymentPostprocessing = 0;
		};
		52D6D9821BEFF229002C0205 /* Sources */ = {
			isa = PBXSourcesBuildPhase;
			buildActionMask = 2147483647;
			files = (
				99594D451FDD2FAF00A8A7A1 /* MockApi.swift in Sources */,
				8933C7901EB5B82D000D00A4 /* ark-swiftTests.swift in Sources */,
			);
			runOnlyForDeploymentPostprocessing = 0;
		};
		52D6D9DD1BEFFF6E002C0205 /* Sources */ = {
			isa = PBXSourcesBuildPhase;
			buildActionMask = 2147483647;
			files = (
				99594D491FDDA5BE00A8A7A1 /* Block+JSON.swift in Sources */,
				995463331FDBCC3F0081BF99 /* Balance+JSON.swift in Sources */,
				9973D08E1FDE7B7E001B713C /* Transaction.swift in Sources */,
				99594D4E1FDDAC7000A8A7A1 /* Signature.swift in Sources */,
				99594D3B1FDBF54400A8A7A1 /* Block.swift in Sources */,
				99594D411FDBF60C00A8A7A1 /* Block+Api.swift in Sources */,
				996237151FDBBEB7007ED2D5 /* Api.swift in Sources */,
				99594D531FDDAC8500A8A7A1 /* Signature+Api.swift in Sources */,
				8933C7871EB5B820000D00A4 /* ark-swift.swift in Sources */,
				995463391FDBE5EF0081BF99 /* Delegate.swift in Sources */,
				9962371A1FDBBEE8007ED2D5 /* Account.swift in Sources */,
				996237211FDBBF39007ED2D5 /* NetworkApi.swift in Sources */,
				9973D0931FDE7C3F001B713C /* Transaction+JSON.swift in Sources */,
				995463171FDBC0CA0081BF99 /* Account+Api.swift in Sources */,
				9954632D1FDBCBCF0081BF99 /* Balance.swift in Sources */,
				9954633F1FDBE6440081BF99 /* Delegate+JSON.swift in Sources */,
				9954631D1FDBC0F20081BF99 /* Account+JSON.swift in Sources */,
			);
			runOnlyForDeploymentPostprocessing = 0;
		};
		52D6D9EB1BEFFFBE002C0205 /* Sources */ = {
			isa = PBXSourcesBuildPhase;
			buildActionMask = 2147483647;
			files = (
				99594D4A1FDDA5BE00A8A7A1 /* Block+JSON.swift in Sources */,
				995463341FDBCC400081BF99 /* Balance+JSON.swift in Sources */,
				9973D08F1FDE7B7E001B713C /* Transaction.swift in Sources */,
				99594D4F1FDDAC7000A8A7A1 /* Signature.swift in Sources */,
				99594D3C1FDBF54400A8A7A1 /* Block.swift in Sources */,
				99594D421FDBF60C00A8A7A1 /* Block+Api.swift in Sources */,
				996237161FDBBEB8007ED2D5 /* Api.swift in Sources */,
				99594D541FDDAC8500A8A7A1 /* Signature+Api.swift in Sources */,
				8933C7881EB5B820000D00A4 /* ark-swift.swift in Sources */,
				9954633A1FDBE5EF0081BF99 /* Delegate.swift in Sources */,
				9962371B1FDBBEE9007ED2D5 /* Account.swift in Sources */,
				996237221FDBBF3A007ED2D5 /* NetworkApi.swift in Sources */,
				9973D0941FDE7C3F001B713C /* Transaction+JSON.swift in Sources */,
				995463181FDBC0CA0081BF99 /* Account+Api.swift in Sources */,
				9954632E1FDBCBCF0081BF99 /* Balance.swift in Sources */,
				995463401FDBE6440081BF99 /* Delegate+JSON.swift in Sources */,
				9954631E1FDBC0F20081BF99 /* Account+JSON.swift in Sources */,
			);
			runOnlyForDeploymentPostprocessing = 0;
		};
		52D6DA0A1BF000BD002C0205 /* Sources */ = {
			isa = PBXSourcesBuildPhase;
			buildActionMask = 2147483647;
			files = (
				99594D481FDDA5BE00A8A7A1 /* Block+JSON.swift in Sources */,
				995463321FDBCC3F0081BF99 /* Balance+JSON.swift in Sources */,
				9973D08D1FDE7B7E001B713C /* Transaction.swift in Sources */,
				99594D4D1FDDAC7000A8A7A1 /* Signature.swift in Sources */,
				99594D3A1FDBF54300A8A7A1 /* Block.swift in Sources */,
				99594D401FDBF60C00A8A7A1 /* Block+Api.swift in Sources */,
				996237141FDBBEB7007ED2D5 /* Api.swift in Sources */,
				99594D521FDDAC8500A8A7A1 /* Signature+Api.swift in Sources */,
				8933C7861EB5B820000D00A4 /* ark-swift.swift in Sources */,
				995463381FDBE5EF0081BF99 /* Delegate.swift in Sources */,
				996237191FDBBEE8007ED2D5 /* Account.swift in Sources */,
				996237201FDBBF39007ED2D5 /* NetworkApi.swift in Sources */,
				9973D0921FDE7C3F001B713C /* Transaction+JSON.swift in Sources */,
				995463161FDBC0C90081BF99 /* Account+Api.swift in Sources */,
				9954632C1FDBCBCE0081BF99 /* Balance.swift in Sources */,
				9954633E1FDBE6440081BF99 /* Delegate+JSON.swift in Sources */,
				9954631C1FDBC0F10081BF99 /* Account+JSON.swift in Sources */,
			);
			runOnlyForDeploymentPostprocessing = 0;
		};
		DD7502761C68FCFC006590AF /* Sources */ = {
			isa = PBXSourcesBuildPhase;
			buildActionMask = 2147483647;
			files = (
				8933C78F1EB5B82C000D00A4 /* ark-swiftTests.swift in Sources */,
			);
			runOnlyForDeploymentPostprocessing = 0;
		};
		DD7502891C690C7A006590AF /* Sources */ = {
			isa = PBXSourcesBuildPhase;
			buildActionMask = 2147483647;
			files = (
				8933C78E1EB5B82C000D00A4 /* ark-swiftTests.swift in Sources */,
			);
			runOnlyForDeploymentPostprocessing = 0;
		};
/* End PBXSourcesBuildPhase section */

/* Begin PBXTargetDependency section */
		52D6D9891BEFF229002C0205 /* PBXTargetDependency */ = {
			isa = PBXTargetDependency;
			target = 52D6D97B1BEFF229002C0205 /* ark-swift-iOS */;
			targetProxy = 52D6D9881BEFF229002C0205 /* PBXContainerItemProxy */;
		};
		DD7502811C68FCFC006590AF /* PBXTargetDependency */ = {
			isa = PBXTargetDependency;
			target = 52D6DA0E1BF000BD002C0205 /* ark-swift-macOS */;
			targetProxy = DD7502801C68FCFC006590AF /* PBXContainerItemProxy */;
		};
		DD7502941C690C7A006590AF /* PBXTargetDependency */ = {
			isa = PBXTargetDependency;
			target = 52D6D9EF1BEFFFBE002C0205 /* ark-swift-tvOS */;
			targetProxy = DD7502931C690C7A006590AF /* PBXContainerItemProxy */;
		};
/* End PBXTargetDependency section */

/* Begin XCBuildConfiguration section */
		52D6D98E1BEFF229002C0205 /* Debug */ = {
			isa = XCBuildConfiguration;
			buildSettings = {
				ALWAYS_SEARCH_USER_PATHS = NO;
				CLANG_CXX_LANGUAGE_STANDARD = "gnu++0x";
				CLANG_CXX_LIBRARY = "libc++";
				CLANG_ENABLE_MODULES = YES;
				CLANG_ENABLE_OBJC_ARC = YES;
				CLANG_WARN_BLOCK_CAPTURE_AUTORELEASING = YES;
				CLANG_WARN_BOOL_CONVERSION = YES;
				CLANG_WARN_COMMA = YES;
				CLANG_WARN_CONSTANT_CONVERSION = YES;
				CLANG_WARN_DIRECT_OBJC_ISA_USAGE = YES_ERROR;
				CLANG_WARN_EMPTY_BODY = YES;
				CLANG_WARN_ENUM_CONVERSION = YES;
				CLANG_WARN_INFINITE_RECURSION = YES;
				CLANG_WARN_INT_CONVERSION = YES;
				CLANG_WARN_NON_LITERAL_NULL_CONVERSION = YES;
				CLANG_WARN_OBJC_LITERAL_CONVERSION = YES;
				CLANG_WARN_OBJC_ROOT_CLASS = YES_ERROR;
				CLANG_WARN_RANGE_LOOP_ANALYSIS = YES;
				CLANG_WARN_STRICT_PROTOTYPES = YES;
				CLANG_WARN_SUSPICIOUS_MOVE = YES;
				CLANG_WARN_UNREACHABLE_CODE = YES;
				CLANG_WARN__DUPLICATE_METHOD_MATCH = YES;
				"CODE_SIGN_IDENTITY[sdk=iphoneos*]" = "iPhone Developer";
				COPY_PHASE_STRIP = NO;
				CURRENT_PROJECT_VERSION = 1;
				DEBUG_INFORMATION_FORMAT = dwarf;
				ENABLE_STRICT_OBJC_MSGSEND = YES;
				ENABLE_TESTABILITY = YES;
				GCC_C_LANGUAGE_STANDARD = gnu99;
				GCC_DYNAMIC_NO_PIC = NO;
				GCC_NO_COMMON_BLOCKS = YES;
				GCC_OPTIMIZATION_LEVEL = 0;
				GCC_PREPROCESSOR_DEFINITIONS = (
					"DEBUG=1",
					"$(inherited)",
				);
				GCC_WARN_64_TO_32_BIT_CONVERSION = YES;
				GCC_WARN_ABOUT_RETURN_TYPE = YES_ERROR;
				GCC_WARN_UNDECLARED_SELECTOR = YES;
				GCC_WARN_UNINITIALIZED_AUTOS = YES_AGGRESSIVE;
				GCC_WARN_UNUSED_FUNCTION = YES;
				GCC_WARN_UNUSED_VARIABLE = YES;
				IPHONEOS_DEPLOYMENT_TARGET = 8.0;
				MTL_ENABLE_DEBUG_INFO = YES;
				ONLY_ACTIVE_ARCH = YES;
				SDKROOT = iphoneos;
				SWIFT_OPTIMIZATION_LEVEL = "-Onone";
				SWIFT_VERSION = 4.0;
				TARGETED_DEVICE_FAMILY = "1,2";
				VERSIONING_SYSTEM = "apple-generic";
				VERSION_INFO_PREFIX = "";
			};
			name = Debug;
		};
		52D6D98F1BEFF229002C0205 /* Release */ = {
			isa = XCBuildConfiguration;
			buildSettings = {
				ALWAYS_SEARCH_USER_PATHS = NO;
				CLANG_CXX_LANGUAGE_STANDARD = "gnu++0x";
				CLANG_CXX_LIBRARY = "libc++";
				CLANG_ENABLE_MODULES = YES;
				CLANG_ENABLE_OBJC_ARC = YES;
				CLANG_WARN_BLOCK_CAPTURE_AUTORELEASING = YES;
				CLANG_WARN_BOOL_CONVERSION = YES;
				CLANG_WARN_COMMA = YES;
				CLANG_WARN_CONSTANT_CONVERSION = YES;
				CLANG_WARN_DIRECT_OBJC_ISA_USAGE = YES_ERROR;
				CLANG_WARN_EMPTY_BODY = YES;
				CLANG_WARN_ENUM_CONVERSION = YES;
				CLANG_WARN_INFINITE_RECURSION = YES;
				CLANG_WARN_INT_CONVERSION = YES;
				CLANG_WARN_NON_LITERAL_NULL_CONVERSION = YES;
				CLANG_WARN_OBJC_LITERAL_CONVERSION = YES;
				CLANG_WARN_OBJC_ROOT_CLASS = YES_ERROR;
				CLANG_WARN_RANGE_LOOP_ANALYSIS = YES;
				CLANG_WARN_STRICT_PROTOTYPES = YES;
				CLANG_WARN_SUSPICIOUS_MOVE = YES;
				CLANG_WARN_UNREACHABLE_CODE = YES;
				CLANG_WARN__DUPLICATE_METHOD_MATCH = YES;
				"CODE_SIGN_IDENTITY[sdk=iphoneos*]" = "iPhone Developer";
				COPY_PHASE_STRIP = NO;
				CURRENT_PROJECT_VERSION = 1;
				DEBUG_INFORMATION_FORMAT = "dwarf-with-dsym";
				ENABLE_NS_ASSERTIONS = NO;
				ENABLE_STRICT_OBJC_MSGSEND = YES;
				GCC_C_LANGUAGE_STANDARD = gnu99;
				GCC_NO_COMMON_BLOCKS = YES;
				GCC_WARN_64_TO_32_BIT_CONVERSION = YES;
				GCC_WARN_ABOUT_RETURN_TYPE = YES_ERROR;
				GCC_WARN_UNDECLARED_SELECTOR = YES;
				GCC_WARN_UNINITIALIZED_AUTOS = YES_AGGRESSIVE;
				GCC_WARN_UNUSED_FUNCTION = YES;
				GCC_WARN_UNUSED_VARIABLE = YES;
				IPHONEOS_DEPLOYMENT_TARGET = 8.0;
				MTL_ENABLE_DEBUG_INFO = NO;
				SDKROOT = iphoneos;
				SWIFT_VERSION = 4.0;
				TARGETED_DEVICE_FAMILY = "1,2";
				VALIDATE_PRODUCT = YES;
				VERSIONING_SYSTEM = "apple-generic";
				VERSION_INFO_PREFIX = "";
			};
			name = Release;
		};
		52D6D9911BEFF229002C0205 /* Debug */ = {
			isa = XCBuildConfiguration;
			buildSettings = {
				APPLICATION_EXTENSION_API_ONLY = NO;
				CLANG_ENABLE_MODULES = YES;
				"CODE_SIGN_IDENTITY[sdk=iphoneos*]" = "";
				DEFINES_MODULE = YES;
				DYLIB_COMPATIBILITY_VERSION = 1;
				DYLIB_CURRENT_VERSION = 1;
				DYLIB_INSTALL_NAME_BASE = "@rpath";
				FRAMEWORK_SEARCH_PATHS = (
					"$(inherited)",
					"$(PROJECT_DIR)/Carthage/Build/iOS",
				);
				INFOPLIST_FILE = "Configs/ark-swift.plist";
				INSTALL_PATH = "$(LOCAL_LIBRARY_DIR)/Frameworks";
				IPHONEOS_DEPLOYMENT_TARGET = 8.0;
				LD_RUNPATH_SEARCH_PATHS = "$(inherited) @executable_path/Frameworks @loader_path/Frameworks";
				ONLY_ACTIVE_ARCH = NO;
				PRODUCT_BUNDLE_IDENTIFIER = "com.ark-swift.ark-swift-iOS";
				PRODUCT_NAME = Ark;
				SKIP_INSTALL = YES;
				SWIFT_OPTIMIZATION_LEVEL = "-Onone";
				SWIFT_VERSION = 4.0;
			};
			name = Debug;
		};
		52D6D9921BEFF229002C0205 /* Release */ = {
			isa = XCBuildConfiguration;
			buildSettings = {
				APPLICATION_EXTENSION_API_ONLY = NO;
				CLANG_ENABLE_MODULES = YES;
				"CODE_SIGN_IDENTITY[sdk=iphoneos*]" = "";
				DEFINES_MODULE = YES;
				DYLIB_COMPATIBILITY_VERSION = 1;
				DYLIB_CURRENT_VERSION = 1;
				DYLIB_INSTALL_NAME_BASE = "@rpath";
				FRAMEWORK_SEARCH_PATHS = (
					"$(inherited)",
					"$(PROJECT_DIR)/Carthage/Build/iOS",
				);
				INFOPLIST_FILE = "Configs/ark-swift.plist";
				INSTALL_PATH = "$(LOCAL_LIBRARY_DIR)/Frameworks";
				IPHONEOS_DEPLOYMENT_TARGET = 8.0;
				LD_RUNPATH_SEARCH_PATHS = "$(inherited) @executable_path/Frameworks @loader_path/Frameworks";
				PRODUCT_BUNDLE_IDENTIFIER = "com.ark-swift.ark-swift-iOS";
				PRODUCT_NAME = Ark;
				SKIP_INSTALL = YES;
				SWIFT_OPTIMIZATION_LEVEL = "-Owholemodule";
				SWIFT_VERSION = 4.0;
			};
			name = Release;
		};
		52D6D9941BEFF229002C0205 /* Debug */ = {
			isa = XCBuildConfiguration;
			buildSettings = {
				CLANG_ENABLE_MODULES = YES;
				FRAMEWORK_SEARCH_PATHS = (
					"$(inherited)",
					"$(PROJECT_DIR)/Carthage/Build/iOS",
				);
				INFOPLIST_FILE = "Configs/ark-swiftTests.plist";
				LD_RUNPATH_SEARCH_PATHS = "$(inherited) @executable_path/Frameworks @loader_path/Frameworks";
				PRODUCT_BUNDLE_IDENTIFIER = "com.ark-swift.ark-swift-iOS-Tests";
				PRODUCT_NAME = "$(TARGET_NAME)";
				SWIFT_OPTIMIZATION_LEVEL = "-Onone";
				SWIFT_VERSION = 4.0;
			};
			name = Debug;
		};
		52D6D9951BEFF229002C0205 /* Release */ = {
			isa = XCBuildConfiguration;
			buildSettings = {
				CLANG_ENABLE_MODULES = YES;
				FRAMEWORK_SEARCH_PATHS = (
					"$(inherited)",
					"$(PROJECT_DIR)/Carthage/Build/iOS",
				);
				INFOPLIST_FILE = "Configs/ark-swiftTests.plist";
				LD_RUNPATH_SEARCH_PATHS = "$(inherited) @executable_path/Frameworks @loader_path/Frameworks";
				PRODUCT_BUNDLE_IDENTIFIER = "com.ark-swift.ark-swift-iOS-Tests";
				PRODUCT_NAME = "$(TARGET_NAME)";
				SWIFT_OPTIMIZATION_LEVEL = "-Owholemodule";
				SWIFT_VERSION = 4.0;
			};
			name = Release;
		};
		52D6D9E81BEFFF6E002C0205 /* Debug */ = {
			isa = XCBuildConfiguration;
			buildSettings = {
				APPLICATION_EXTENSION_API_ONLY = YES;
				"CODE_SIGN_IDENTITY[sdk=watchos*]" = "";
				DEFINES_MODULE = YES;
				DYLIB_COMPATIBILITY_VERSION = 1;
				DYLIB_CURRENT_VERSION = 1;
				DYLIB_INSTALL_NAME_BASE = "@rpath";
				INFOPLIST_FILE = "Configs/ark-swift.plist";
				INSTALL_PATH = "$(LOCAL_LIBRARY_DIR)/Frameworks";
				LD_RUNPATH_SEARCH_PATHS = "$(inherited) @executable_path/Frameworks @loader_path/Frameworks";
				PRODUCT_BUNDLE_IDENTIFIER = "com.ark-swift.ark-swift-watchOS";
				PRODUCT_NAME = Ark;
				SDKROOT = watchos;
				SKIP_INSTALL = YES;
				SWIFT_VERSION = 4.0;
				TARGETED_DEVICE_FAMILY = 4;
				WATCHOS_DEPLOYMENT_TARGET = 2.0;
			};
			name = Debug;
		};
		52D6D9E91BEFFF6E002C0205 /* Release */ = {
			isa = XCBuildConfiguration;
			buildSettings = {
				APPLICATION_EXTENSION_API_ONLY = YES;
				"CODE_SIGN_IDENTITY[sdk=watchos*]" = "";
				DEFINES_MODULE = YES;
				DYLIB_COMPATIBILITY_VERSION = 1;
				DYLIB_CURRENT_VERSION = 1;
				DYLIB_INSTALL_NAME_BASE = "@rpath";
				INFOPLIST_FILE = "Configs/ark-swift.plist";
				INSTALL_PATH = "$(LOCAL_LIBRARY_DIR)/Frameworks";
				LD_RUNPATH_SEARCH_PATHS = "$(inherited) @executable_path/Frameworks @loader_path/Frameworks";
				PRODUCT_BUNDLE_IDENTIFIER = "com.ark-swift.ark-swift-watchOS";
				PRODUCT_NAME = Ark;
				SDKROOT = watchos;
				SKIP_INSTALL = YES;
				SWIFT_OPTIMIZATION_LEVEL = "-Owholemodule";
				SWIFT_VERSION = 4.0;
				TARGETED_DEVICE_FAMILY = 4;
				WATCHOS_DEPLOYMENT_TARGET = 2.0;
			};
			name = Release;
		};
		52D6DA021BEFFFBE002C0205 /* Debug */ = {
			isa = XCBuildConfiguration;
			buildSettings = {
				APPLICATION_EXTENSION_API_ONLY = YES;
				"CODE_SIGN_IDENTITY[sdk=appletvos*]" = "";
				DEFINES_MODULE = YES;
				DYLIB_COMPATIBILITY_VERSION = 1;
				DYLIB_CURRENT_VERSION = 1;
				DYLIB_INSTALL_NAME_BASE = "@rpath";
				INFOPLIST_FILE = "Configs/ark-swift.plist";
				INSTALL_PATH = "$(LOCAL_LIBRARY_DIR)/Frameworks";
				LD_RUNPATH_SEARCH_PATHS = "$(inherited) @executable_path/Frameworks @loader_path/Frameworks";
				PRODUCT_BUNDLE_IDENTIFIER = "com.ark-swift.ark-swift-tvOS";
				PRODUCT_NAME = Ark;
				SDKROOT = appletvos;
				SKIP_INSTALL = YES;
				SWIFT_VERSION = 4.0;
				TARGETED_DEVICE_FAMILY = 3;
				TVOS_DEPLOYMENT_TARGET = 9.0;
			};
			name = Debug;
		};
		52D6DA031BEFFFBE002C0205 /* Release */ = {
			isa = XCBuildConfiguration;
			buildSettings = {
				APPLICATION_EXTENSION_API_ONLY = YES;
				"CODE_SIGN_IDENTITY[sdk=appletvos*]" = "";
				DEFINES_MODULE = YES;
				DYLIB_COMPATIBILITY_VERSION = 1;
				DYLIB_CURRENT_VERSION = 1;
				DYLIB_INSTALL_NAME_BASE = "@rpath";
				INFOPLIST_FILE = "Configs/ark-swift.plist";
				INSTALL_PATH = "$(LOCAL_LIBRARY_DIR)/Frameworks";
				LD_RUNPATH_SEARCH_PATHS = "$(inherited) @executable_path/Frameworks @loader_path/Frameworks";
				PRODUCT_BUNDLE_IDENTIFIER = "com.ark-swift.ark-swift-tvOS";
				PRODUCT_NAME = Ark;
				SDKROOT = appletvos;
				SKIP_INSTALL = YES;
				SWIFT_OPTIMIZATION_LEVEL = "-Owholemodule";
				SWIFT_VERSION = 4.0;
				TARGETED_DEVICE_FAMILY = 3;
				TVOS_DEPLOYMENT_TARGET = 9.0;
			};
			name = Release;
		};
		52D6DA211BF000BD002C0205 /* Debug */ = {
			isa = XCBuildConfiguration;
			buildSettings = {
				APPLICATION_EXTENSION_API_ONLY = YES;
				CODE_SIGN_IDENTITY = "-";
				COMBINE_HIDPI_IMAGES = YES;
				DEFINES_MODULE = YES;
				DYLIB_COMPATIBILITY_VERSION = 1;
				DYLIB_CURRENT_VERSION = 1;
				DYLIB_INSTALL_NAME_BASE = "@rpath";
				FRAMEWORK_VERSION = A;
				INFOPLIST_FILE = "Configs/ark-swift.plist";
				INSTALL_PATH = "$(LOCAL_LIBRARY_DIR)/Frameworks";
				LD_RUNPATH_SEARCH_PATHS = "$(inherited) @executable_path/../Frameworks @loader_path/Frameworks";
				MACOSX_DEPLOYMENT_TARGET = 10.10;
				PRODUCT_BUNDLE_IDENTIFIER = "com.ark-swift.ark-swift-macOS";
				PRODUCT_NAME = Ark;
				SDKROOT = macosx;
				SKIP_INSTALL = YES;
				SWIFT_VERSION = 4.0;
			};
			name = Debug;
		};
		52D6DA221BF000BD002C0205 /* Release */ = {
			isa = XCBuildConfiguration;
			buildSettings = {
				APPLICATION_EXTENSION_API_ONLY = YES;
				CODE_SIGN_IDENTITY = "-";
				COMBINE_HIDPI_IMAGES = YES;
				DEFINES_MODULE = YES;
				DYLIB_COMPATIBILITY_VERSION = 1;
				DYLIB_CURRENT_VERSION = 1;
				DYLIB_INSTALL_NAME_BASE = "@rpath";
				FRAMEWORK_VERSION = A;
				INFOPLIST_FILE = "Configs/ark-swift.plist";
				INSTALL_PATH = "$(LOCAL_LIBRARY_DIR)/Frameworks";
				LD_RUNPATH_SEARCH_PATHS = "$(inherited) @executable_path/../Frameworks @loader_path/Frameworks";
				MACOSX_DEPLOYMENT_TARGET = 10.10;
				PRODUCT_BUNDLE_IDENTIFIER = "com.ark-swift.ark-swift-macOS";
				PRODUCT_NAME = Ark;
				SDKROOT = macosx;
				SKIP_INSTALL = YES;
				SWIFT_OPTIMIZATION_LEVEL = "-Owholemodule";
				SWIFT_VERSION = 4.0;
			};
			name = Release;
		};
		DD7502831C68FCFC006590AF /* Debug */ = {
			isa = XCBuildConfiguration;
			buildSettings = {
				CODE_SIGN_IDENTITY = "-";
				COMBINE_HIDPI_IMAGES = YES;
				INFOPLIST_FILE = "Configs/ark-swiftTests.plist";
				LD_RUNPATH_SEARCH_PATHS = "$(inherited) @executable_path/../Frameworks @loader_path/../Frameworks";
				MACOSX_DEPLOYMENT_TARGET = 10.11;
				PRODUCT_BUNDLE_IDENTIFIER = "com.ark-swift.ark-swift-macOS-Tests";
				PRODUCT_NAME = "$(TARGET_NAME)";
				SDKROOT = macosx;
				SWIFT_VERSION = 4.0;
			};
			name = Debug;
		};
		DD7502841C68FCFC006590AF /* Release */ = {
			isa = XCBuildConfiguration;
			buildSettings = {
				CODE_SIGN_IDENTITY = "-";
				COMBINE_HIDPI_IMAGES = YES;
				INFOPLIST_FILE = "Configs/ark-swiftTests.plist";
				LD_RUNPATH_SEARCH_PATHS = "$(inherited) @executable_path/../Frameworks @loader_path/../Frameworks";
				MACOSX_DEPLOYMENT_TARGET = 10.11;
				PRODUCT_BUNDLE_IDENTIFIER = "com.ark-swift.ark-swift-macOS-Tests";
				PRODUCT_NAME = "$(TARGET_NAME)";
				SDKROOT = macosx;
				SWIFT_OPTIMIZATION_LEVEL = "-Owholemodule";
				SWIFT_VERSION = 4.0;
			};
			name = Release;
		};
		DD7502961C690C7A006590AF /* Debug */ = {
			isa = XCBuildConfiguration;
			buildSettings = {
				INFOPLIST_FILE = "Configs/ark-swiftTests.plist";
				LD_RUNPATH_SEARCH_PATHS = "$(inherited) @executable_path/Frameworks @loader_path/Frameworks";
				PRODUCT_BUNDLE_IDENTIFIER = "com.ark-swift.ark-swift-tvOS-Tests";
				PRODUCT_NAME = "$(TARGET_NAME)";
				SDKROOT = appletvos;
				SWIFT_VERSION = 4.0;
				TVOS_DEPLOYMENT_TARGET = 9.1;
			};
			name = Debug;
		};
		DD7502971C690C7A006590AF /* Release */ = {
			isa = XCBuildConfiguration;
			buildSettings = {
				INFOPLIST_FILE = "Configs/ark-swiftTests.plist";
				LD_RUNPATH_SEARCH_PATHS = "$(inherited) @executable_path/Frameworks @loader_path/Frameworks";
				PRODUCT_BUNDLE_IDENTIFIER = "com.ark-swift.ark-swift-tvOS-Tests";
				PRODUCT_NAME = "$(TARGET_NAME)";
				SDKROOT = appletvos;
				SWIFT_OPTIMIZATION_LEVEL = "-Owholemodule";
				SWIFT_VERSION = 4.0;
				TVOS_DEPLOYMENT_TARGET = 9.1;
			};
			name = Release;
		};
/* End XCBuildConfiguration section */

/* Begin XCConfigurationList section */
		52D6D9761BEFF229002C0205 /* Build configuration list for PBXProject "ark-swift" */ = {
			isa = XCConfigurationList;
			buildConfigurations = (
				52D6D98E1BEFF229002C0205 /* Debug */,
				52D6D98F1BEFF229002C0205 /* Release */,
			);
			defaultConfigurationIsVisible = 0;
			defaultConfigurationName = Release;
		};
		52D6D9901BEFF229002C0205 /* Build configuration list for PBXNativeTarget "ark-swift-iOS" */ = {
			isa = XCConfigurationList;
			buildConfigurations = (
				52D6D9911BEFF229002C0205 /* Debug */,
				52D6D9921BEFF229002C0205 /* Release */,
			);
			defaultConfigurationIsVisible = 0;
			defaultConfigurationName = Release;
		};
		52D6D9931BEFF229002C0205 /* Build configuration list for PBXNativeTarget "ark-swift-iOS Tests" */ = {
			isa = XCConfigurationList;
			buildConfigurations = (
				52D6D9941BEFF229002C0205 /* Debug */,
				52D6D9951BEFF229002C0205 /* Release */,
			);
			defaultConfigurationIsVisible = 0;
			defaultConfigurationName = Release;
		};
		52D6D9E71BEFFF6E002C0205 /* Build configuration list for PBXNativeTarget "ark-swift-watchOS" */ = {
			isa = XCConfigurationList;
			buildConfigurations = (
				52D6D9E81BEFFF6E002C0205 /* Debug */,
				52D6D9E91BEFFF6E002C0205 /* Release */,
			);
			defaultConfigurationIsVisible = 0;
			defaultConfigurationName = Release;
		};
		52D6DA011BEFFFBE002C0205 /* Build configuration list for PBXNativeTarget "ark-swift-tvOS" */ = {
			isa = XCConfigurationList;
			buildConfigurations = (
				52D6DA021BEFFFBE002C0205 /* Debug */,
				52D6DA031BEFFFBE002C0205 /* Release */,
			);
			defaultConfigurationIsVisible = 0;
			defaultConfigurationName = Release;
		};
		52D6DA201BF000BD002C0205 /* Build configuration list for PBXNativeTarget "ark-swift-macOS" */ = {
			isa = XCConfigurationList;
			buildConfigurations = (
				52D6DA211BF000BD002C0205 /* Debug */,
				52D6DA221BF000BD002C0205 /* Release */,
			);
			defaultConfigurationIsVisible = 0;
			defaultConfigurationName = Release;
		};
		DD7502821C68FCFC006590AF /* Build configuration list for PBXNativeTarget "ark-swift-macOS Tests" */ = {
			isa = XCConfigurationList;
			buildConfigurations = (
				DD7502831C68FCFC006590AF /* Debug */,
				DD7502841C68FCFC006590AF /* Release */,
			);
			defaultConfigurationIsVisible = 0;
			defaultConfigurationName = Release;
		};
		DD7502951C690C7A006590AF /* Build configuration list for PBXNativeTarget "ark-swift-tvOS Tests" */ = {
			isa = XCConfigurationList;
			buildConfigurations = (
				DD7502961C690C7A006590AF /* Debug */,
				DD7502971C690C7A006590AF /* Release */,
			);
			defaultConfigurationIsVisible = 0;
			defaultConfigurationName = Release;
		};
/* End XCConfigurationList section */
	};
	rootObject = 52D6D9731BEFF229002C0205 /* Project object */;
}
